
Microsoft Visual Studio Solution File, Format Version 12.00
# Visual Studio Version 17
VisualStudioVersion = 17.7.34221.43
MinimumVisualStudioVersion = 10.0.40219.1
Project("{FAE04EC0-301F-11D3-BF4B-00C04F79EFBC}") = "MapGeno", "MapGeno.csproj", "{971210AB-CBA8-484C-8E1D-B78962F839DD}"
EndProject
Global
	GlobalSection(SolutionConfigurationPlatforms) = preSolution
		Debug|Any CPU = Debug|Any CPU
		Debug|x64 = Debug|x64
		Release|Any CPU = Release|Any CPU
		Release|x64 = Release|x64
		x64|Any CPU = x64|Any CPU
		x64|x64 = x64|x64
	EndGlobalSection
	GlobalSection(ProjectConfigurationPlatforms) = postSolution
		{971210AB-CBA8-484C-8E1D-B78962F839DD}.Debug|Any CPU.ActiveCfg = Release|Any CPU
		{971210AB-CBA8-484C-8E1D-B78962F839DD}.Debug|Any CPU.Build.0 = Release|Any CPU
		{971210AB-CBA8-484C-8E1D-B78962F839DD}.Debug|x64.ActiveCfg = Debug|Any CPU
		{971210AB-CBA8-484C-8E1D-B78962F839DD}.Debug|x64.Build.0 = Debug|Any CPU
		{971210AB-CBA8-484C-8E1D-B78962F839DD}.Release|Any CPU.ActiveCfg = Release|Any CPU
		{971210AB-CBA8-484C-8E1D-B78962F839DD}.Release|Any CPU.Build.0 = Release|Any CPU
		{971210AB-CBA8-484C-8E1D-B78962F839DD}.Release|x64.ActiveCfg = Release|Any CPU
		{971210AB-CBA8-484C-8E1D-B78962F839DD}.Release|x64.Build.0 = Release|Any CPU
		{971210AB-CBA8-484C-8E1D-B78962F839DD}.x64|Any CPU.ActiveCfg = Debug|Any CPU
		{971210AB-CBA8-484C-8E1D-B78962F839DD}.x64|Any CPU.Build.0 = Debug|Any CPU
		{971210AB-CBA8-484C-8E1D-B78962F839DD}.x64|x64.ActiveCfg = Debug|Any CPU
		{971210AB-CBA8-484C-8E1D-B78962F839DD}.x64|x64.Build.0 = Debug|Any CPU
	EndGlobalSection
	GlobalSection(SolutionProperties) = preSolution
		HideSolutionNode = FALSE
	EndGlobalSection
	GlobalSection(ExtensibilityGlobals) = postSolution
		SolutionGuid = {E9A4722E-68F3-40D9-B7EF-6ECCA9F0FE3F}
	EndGlobalSection
EndGlobal
